
Microsoft Visual Studio Solution File, Format Version 12.00
# Visual Studio Version 17
VisualStudioVersion = 17.13.35828.75 d17.13
MinimumVisualStudioVersion = 10.0.40219.1
Project("{8BC9CEB8-8B4A-11D0-8D11-00A0C91BC942}") = "Compare which of two values (floating - pointing)", "Compare which of two values (floating - pointing)\Compare which of two values (floating - pointing).vcxproj", "{02D5DC6F-DA8D-4F74-B5BA-946FC5566D22}"
EndProject
Global
	GlobalSection(SolutionConfigurationPlatforms) = preSolution
		Debug|x64 = Debug|x64
		Debug|x86 = Debug|x86
		Release|x64 = Release|x64
		Release|x86 = Release|x86
	EndGlobalSection
	GlobalSection(ProjectConfigurationPlatforms) = postSolution
		{02D5DC6F-DA8D-4F74-B5BA-946FC5566D22}.Debug|x64.ActiveCfg = Debug|x64
		{02D5DC6F-DA8D-4F74-B5BA-946FC5566D22}.Debug|x64.Build.0 = Debug|x64
		{02D5DC6F-DA8D-4F74-B5BA-946FC5566D22}.Debug|x86.ActiveCfg = Debug|Win32
		{02D5DC6F-DA8D-4F74-B5BA-946FC5566D22}.Debug|x86.Build.0 = Debug|Win32
		{02D5DC6F-DA8D-4F74-B5BA-946FC5566D22}.Release|x64.ActiveCfg = Release|x64
		{02D5DC6F-DA8D-4F74-B5BA-946FC5566D22}.Release|x64.Build.0 = Release|x64
		{02D5DC6F-DA8D-4F74-B5BA-946FC5566D22}.Release|x86.ActiveCfg = Release|Win32
		{02D5DC6F-DA8D-4F74-B5BA-946FC5566D22}.Release|x86.Build.0 = Release|Win32
	EndGlobalSection
	GlobalSection(SolutionProperties) = preSolution
		HideSolutionNode = FALSE
	EndGlobalSection
	GlobalSection(ExtensibilityGlobals) = postSolution
		SolutionGuid = {52D7E676-C65F-4F1A-9FB2-3377AD84B020}
	EndGlobalSection
EndGlobal
