
Microsoft Visual Studio Solution File, Format Version 12.00
# Visual Studio Version 17
VisualStudioVersion = 17.13.35828.75 d17.13
MinimumVisualStudioVersion = 10.0.40219.1
Project("{8BC9CEB8-8B4A-11D0-8D11-00A0C91BC942}") = "2.1 sqrt", "2.1 sqrt\2.1 sqrt.vcxproj", "{31E32A78-43B2-448F-A489-A0706DF0C689}"
EndProject
Global
	GlobalSection(SolutionConfigurationPlatforms) = preSolution
		Debug|x64 = Debug|x64
		Debug|x86 = Debug|x86
		Release|x64 = Release|x64
		Release|x86 = Release|x86
	EndGlobalSection
	GlobalSection(ProjectConfigurationPlatforms) = postSolution
		{31E32A78-43B2-448F-A489-A0706DF0C689}.Debug|x64.ActiveCfg = Debug|x64
		{31E32A78-43B2-448F-A489-A0706DF0C689}.Debug|x64.Build.0 = Debug|x64
		{31E32A78-43B2-448F-A489-A0706DF0C689}.Debug|x86.ActiveCfg = Debug|Win32
		{31E32A78-43B2-448F-A489-A0706DF0C689}.Debug|x86.Build.0 = Debug|Win32
		{31E32A78-43B2-448F-A489-A0706DF0C689}.Release|x64.ActiveCfg = Release|x64
		{31E32A78-43B2-448F-A489-A0706DF0C689}.Release|x64.Build.0 = Release|x64
		{31E32A78-43B2-448F-A489-A0706DF0C689}.Release|x86.ActiveCfg = Release|Win32
		{31E32A78-43B2-448F-A489-A0706DF0C689}.Release|x86.Build.0 = Release|Win32
	EndGlobalSection
	GlobalSection(SolutionProperties) = preSolution
		HideSolutionNode = FALSE
	EndGlobalSection
	GlobalSection(ExtensibilityGlobals) = postSolution
		SolutionGuid = {167FFAE5-5205-46A3-AB30-984D5F4FCB39}
	EndGlobalSection
EndGlobal
